
Microsoft Visual Studio Solution File, Format Version 12.00
# Visual Studio Version 17
VisualStudioVersion = 17.7.34003.232
MinimumVisualStudioVersion = 10.0.40219.1
Project("{9A19103F-16F7-4668-BE54-9A1E7A4F7556}") = "ExtendedEvents.Module", "ExtendedEvents.Module\ExtendedEvents.Module.csproj", "{06287B34-EB7C-40FA-A4F3-2E90112F52B5}"
EndProject
Project("{9A19103F-16F7-4668-BE54-9A1E7A4F7556}") = "ExtendedEvents.Win", "ExtendedEvents.Win\ExtendedEvents.Win.csproj", "{A2BDF733-85D4-4A30-8633-CE811986907B}"
EndProject
Project("{9A19103F-16F7-4668-BE54-9A1E7A4F7556}") = "ExtendedEvents.Blazor.Server", "ExtendedEvents.Blazor.Server\ExtendedEvents.Blazor.Server.csproj", "{6C97F714-B781-46DB-A93F-DA01664D3CBF}"
EndProject
Global
	GlobalSection(SolutionConfigurationPlatforms) = preSolution
		Debug|Any CPU = Debug|Any CPU
		EasyTest|Any CPU = EasyTest|Any CPU
		Release|Any CPU = Release|Any CPU
	EndGlobalSection
	GlobalSection(ProjectConfigurationPlatforms) = postSolution
		{06287B34-EB7C-40FA-A4F3-2E90112F52B5}.Debug|Any CPU.ActiveCfg = Debug|Any CPU
		{06287B34-EB7C-40FA-A4F3-2E90112F52B5}.Debug|Any CPU.Build.0 = Debug|Any CPU
		{06287B34-EB7C-40FA-A4F3-2E90112F52B5}.EasyTest|Any CPU.ActiveCfg = EasyTest|Any CPU
		{06287B34-EB7C-40FA-A4F3-2E90112F52B5}.EasyTest|Any CPU.Build.0 = EasyTest|Any CPU
		{06287B34-EB7C-40FA-A4F3-2E90112F52B5}.Release|Any CPU.ActiveCfg = Release|Any CPU
		{06287B34-EB7C-40FA-A4F3-2E90112F52B5}.Release|Any CPU.Build.0 = Release|Any CPU
		{A2BDF733-85D4-4A30-8633-CE811986907B}.Debug|Any CPU.ActiveCfg = Debug|Any CPU
		{A2BDF733-85D4-4A30-8633-CE811986907B}.Debug|Any CPU.Build.0 = Debug|Any CPU
		{A2BDF733-85D4-4A30-8633-CE811986907B}.EasyTest|Any CPU.ActiveCfg = EasyTest|Any CPU
		{A2BDF733-85D4-4A30-8633-CE811986907B}.EasyTest|Any CPU.Build.0 = EasyTest|Any CPU
		{A2BDF733-85D4-4A30-8633-CE811986907B}.Release|Any CPU.ActiveCfg = Release|Any CPU
		{A2BDF733-85D4-4A30-8633-CE811986907B}.Release|Any CPU.Build.0 = Release|Any CPU
		{6C97F714-B781-46DB-A93F-DA01664D3CBF}.Debug|Any CPU.ActiveCfg = Debug|Any CPU
		{6C97F714-B781-46DB-A93F-DA01664D3CBF}.Debug|Any CPU.Build.0 = Debug|Any CPU
		{6C97F714-B781-46DB-A93F-DA01664D3CBF}.EasyTest|Any CPU.ActiveCfg = EasyTest|Any CPU
		{6C97F714-B781-46DB-A93F-DA01664D3CBF}.EasyTest|Any CPU.Build.0 = EasyTest|Any CPU
		{6C97F714-B781-46DB-A93F-DA01664D3CBF}.Release|Any CPU.ActiveCfg = Release|Any CPU
		{6C97F714-B781-46DB-A93F-DA01664D3CBF}.Release|Any CPU.Build.0 = Release|Any CPU
	EndGlobalSection
	GlobalSection(SolutionProperties) = preSolution
		HideSolutionNode = FALSE
	EndGlobalSection
EndGlobal
